
Microsoft Visual Studio Solution File, Format Version 12.00
# Visual Studio 14
VisualStudioVersion = 14.0.25420.1
MinimumVisualStudioVersion = 10.0.40219.1
Project("{FAE04EC0-301F-11D3-BF4B-00C04F79EFBC}") = "UnitTestsAndMOQ", "UnitTestsAndMOQ\UnitTestsAndMOQ.csproj", "{A03AC10C-D882-452C-9933-1404BF5023BA}"
EndProject
Project("{FAE04EC0-301F-11D3-BF4B-00C04F79EFBC}") = "UnitTests", "UnitTests\UnitTests.csproj", "{E09C984E-44B9-449D-AED5-500797282072}"
EndProject
Global
	GlobalSection(SolutionConfigurationPlatforms) = preSolution
		Debug|Any CPU = Debug|Any CPU
		Release|Any CPU = Release|Any CPU
	EndGlobalSection
	GlobalSection(ProjectConfigurationPlatforms) = postSolution
		{A03AC10C-D882-452C-9933-1404BF5023BA}.Debug|Any CPU.ActiveCfg = Debug|Any CPU
		{A03AC10C-D882-452C-9933-1404BF5023BA}.Debug|Any CPU.Build.0 = Debug|Any CPU
		{A03AC10C-D882-452C-9933-1404BF5023BA}.Release|Any CPU.ActiveCfg = Release|Any CPU
		{A03AC10C-D882-452C-9933-1404BF5023BA}.Release|Any CPU.Build.0 = Release|Any CPU
		{E09C984E-44B9-449D-AED5-500797282072}.Debug|Any CPU.ActiveCfg = Debug|Any CPU
		{E09C984E-44B9-449D-AED5-500797282072}.Debug|Any CPU.Build.0 = Debug|Any CPU
		{E09C984E-44B9-449D-AED5-500797282072}.Release|Any CPU.ActiveCfg = Release|Any CPU
		{E09C984E-44B9-449D-AED5-500797282072}.Release|Any CPU.Build.0 = Release|Any CPU
	EndGlobalSection
	GlobalSection(SolutionProperties) = preSolution
		HideSolutionNode = FALSE
	EndGlobalSection
EndGlobal
